
Microsoft Visual Studio Solution File, Format Version 12.00
# Visual Studio 14
VisualStudioVersion = 14.0.24720.0
MinimumVisualStudioVersion = 10.0.40219.1
Project("{FAE04EC0-301F-11D3-BF4B-00C04F79EFBC}") = "Galleria.Api.Contract", "Galleria.Api.Contract\Galleria.Api.Contract.csproj", "{6B190210-7874-4AA0-B065-5A8C707FAD68}"
EndProject
Project("{FAE04EC0-301F-11D3-BF4B-00C04F79EFBC}") = "Galleria.Api.Database", "Galleria.Api.Database\Galleria.Api.Database.csproj", "{7B9BF43A-061D-404D-8E9F-DFC2CCA4042C}"
EndProject
Global
	GlobalSection(SolutionConfigurationPlatforms) = preSolution
		Debug|Any CPU = Debug|Any CPU
		Release|Any CPU = Release|Any CPU
	EndGlobalSection
	GlobalSection(ProjectConfigurationPlatforms) = postSolution
		{6B190210-7874-4AA0-B065-5A8C707FAD68}.Debug|Any CPU.ActiveCfg = Debug|Any CPU
		{6B190210-7874-4AA0-B065-5A8C707FAD68}.Debug|Any CPU.Build.0 = Debug|Any CPU
		{6B190210-7874-4AA0-B065-5A8C707FAD68}.Release|Any CPU.ActiveCfg = Release|Any CPU
		{6B190210-7874-4AA0-B065-5A8C707FAD68}.Release|Any CPU.Build.0 = Release|Any CPU
		{7B9BF43A-061D-404D-8E9F-DFC2CCA4042C}.Debug|Any CPU.ActiveCfg = Debug|Any CPU
		{7B9BF43A-061D-404D-8E9F-DFC2CCA4042C}.Debug|Any CPU.Build.0 = Debug|Any CPU
		{7B9BF43A-061D-404D-8E9F-DFC2CCA4042C}.Release|Any CPU.ActiveCfg = Release|Any CPU
		{7B9BF43A-061D-404D-8E9F-DFC2CCA4042C}.Release|Any CPU.Build.0 = Release|Any CPU
	EndGlobalSection
	GlobalSection(SolutionProperties) = preSolution
		HideSolutionNode = FALSE
	EndGlobalSection
EndGlobal
