
Microsoft Visual Studio Solution File, Format Version 12.00
# Visual Studio 14
VisualStudioVersion = 14.0.24720.0
MinimumVisualStudioVersion = 10.0.40219.1
Project("{FAE04EC0-301F-11D3-BF4B-00C04F79EFBC}") = "Galleria.Api.Service", "Galleria.Api.Service\Galleria.Api.Service.csproj", "{BEF37850-4D8C-42D3-BA7C-54C2E1CAE132}"
EndProject
Project("{FAE04EC0-301F-11D3-BF4B-00C04F79EFBC}") = "Galleria.Api.Contract", "Galleria.Api.Contract\Galleria.Api.Contract.csproj", "{D821F64E-F896-41EE-ABA7-309224F82BE0}"
EndProject
Project("{FAE04EC0-301F-11D3-BF4B-00C04F79EFBC}") = "Galleria.Api.Client", "Galleria.Api.Client\Galleria.Api.Client.csproj", "{F3636F94-59FA-4A44-988C-25E0A777127E}"
EndProject
Project("{FAE04EC0-301F-11D3-BF4B-00C04F79EFBC}") = "Galleria.Api.Service.Tests", "Galleria.Api.Service.Tests\Galleria.Api.Service.Tests.csproj", "{ACFB34D0-510E-4319-AB92-49C3F0544D79}"
EndProject
Global
	GlobalSection(SolutionConfigurationPlatforms) = preSolution
		Debug|Any CPU = Debug|Any CPU
		Release|Any CPU = Release|Any CPU
	EndGlobalSection
	GlobalSection(ProjectConfigurationPlatforms) = postSolution
		{BEF37850-4D8C-42D3-BA7C-54C2E1CAE132}.Debug|Any CPU.ActiveCfg = Debug|Any CPU
		{BEF37850-4D8C-42D3-BA7C-54C2E1CAE132}.Debug|Any CPU.Build.0 = Debug|Any CPU
		{BEF37850-4D8C-42D3-BA7C-54C2E1CAE132}.Release|Any CPU.ActiveCfg = Release|Any CPU
		{BEF37850-4D8C-42D3-BA7C-54C2E1CAE132}.Release|Any CPU.Build.0 = Release|Any CPU
		{D821F64E-F896-41EE-ABA7-309224F82BE0}.Debug|Any CPU.ActiveCfg = Debug|Any CPU
		{D821F64E-F896-41EE-ABA7-309224F82BE0}.Debug|Any CPU.Build.0 = Debug|Any CPU
		{D821F64E-F896-41EE-ABA7-309224F82BE0}.Release|Any CPU.ActiveCfg = Release|Any CPU
		{D821F64E-F896-41EE-ABA7-309224F82BE0}.Release|Any CPU.Build.0 = Release|Any CPU
		{F3636F94-59FA-4A44-988C-25E0A777127E}.Debug|Any CPU.ActiveCfg = Debug|Any CPU
		{F3636F94-59FA-4A44-988C-25E0A777127E}.Debug|Any CPU.Build.0 = Debug|Any CPU
		{F3636F94-59FA-4A44-988C-25E0A777127E}.Release|Any CPU.ActiveCfg = Release|Any CPU
		{F3636F94-59FA-4A44-988C-25E0A777127E}.Release|Any CPU.Build.0 = Release|Any CPU
		{ACFB34D0-510E-4319-AB92-49C3F0544D79}.Debug|Any CPU.ActiveCfg = Debug|Any CPU
		{ACFB34D0-510E-4319-AB92-49C3F0544D79}.Debug|Any CPU.Build.0 = Debug|Any CPU
		{ACFB34D0-510E-4319-AB92-49C3F0544D79}.Release|Any CPU.ActiveCfg = Release|Any CPU
		{ACFB34D0-510E-4319-AB92-49C3F0544D79}.Release|Any CPU.Build.0 = Release|Any CPU
	EndGlobalSection
	GlobalSection(SolutionProperties) = preSolution
		HideSolutionNode = FALSE
	EndGlobalSection
EndGlobal
